
Microsoft Visual Studio Solution File, Format Version 12.00
# Visual Studio Version 17
VisualStudioVersion = 17.3.32819.101
MinimumVisualStudioVersion = 10.0.40219.1
Project("{FAE04EC0-301F-11D3-BF4B-00C04F79EFBC}") = "Ivory", "Ivory\Ivory.csproj", "{6BABA7B9-0691-4F7C-A3F3-F26CF8FF3730}"
EndProject
Global
	GlobalSection(SolutionConfigurationPlatforms) = preSolution
		Debug|Any CPU = Debug|Any CPU
		Release|Any CPU = Release|Any CPU
	EndGlobalSection
	GlobalSection(ProjectConfigurationPlatforms) = postSolution
		{6BABA7B9-0691-4F7C-A3F3-F26CF8FF3730}.Debug|Any CPU.ActiveCfg = Debug|Any CPU
		{6BABA7B9-0691-4F7C-A3F3-F26CF8FF3730}.Debug|Any CPU.Build.0 = Debug|Any CPU
		{6BABA7B9-0691-4F7C-A3F3-F26CF8FF3730}.Release|Any CPU.ActiveCfg = Release|Any CPU
		{6BABA7B9-0691-4F7C-A3F3-F26CF8FF3730}.Release|Any CPU.Build.0 = Release|Any CPU
	EndGlobalSection
	GlobalSection(SolutionProperties) = preSolution
		HideSolutionNode = FALSE
	EndGlobalSection
	GlobalSection(ExtensibilityGlobals) = postSolution
		SolutionGuid = {79B1FFED-C063-48C6-94B0-5FCC09FC5774}
	EndGlobalSection
EndGlobal
